// !$*UTF8*$!
{
	archiveVersion = 1;
	classes = {
	};
	objectVersion = 56;
	objects = {

/* Begin PBXBuildFile section */
		71321DD5296368070083A328 /* AppDelegate.swift in Sources */ = {isa = PBXBuildFile; fileRef = 71321DD4296368070083A328 /* AppDelegate.swift */; };
		71321DD7296368070083A328 /* SceneDelegate.swift in Sources */ = {isa = PBXBuildFile; fileRef = 71321DD6296368070083A328 /* SceneDelegate.swift */; };
		71321DD9296368070083A328 /* ViewController.swift in Sources */ = {isa = PBXBuildFile; fileRef = 71321DD8296368070083A328 /* ViewController.swift */; };
		71321DDC296368070083A328 /* Main.storyboard in Resources */ = {isa = PBXBuildFile; fileRef = 71321DDA296368070083A328 /* Main.storyboard */; };
		71321DDF296368070083A328 /* BestWeather.xcdatamodeld in Sources */ = {isa = PBXBuildFile; fileRef = 71321DDD296368070083A328 /* BestWeather.xcdatamodeld */; };
		71321DE1296368080083A328 /* Assets.xcassets in Resources */ = {isa = PBXBuildFile; fileRef = 71321DE0296368080083A328 /* Assets.xcassets */; };
		71321DE4296368080083A328 /* LaunchScreen.storyboard in Resources */ = {isa = PBXBuildFile; fileRef = 71321DE2296368080083A328 /* LaunchScreen.storyboard */; };
		71321DEF296368080083A328 /* BestWeatherTests.swift in Sources */ = {isa = PBXBuildFile; fileRef = 71321DEE296368080083A328 /* BestWeatherTests.swift */; };
		71321DF9296368080083A328 /* BestWeatherUITests.swift in Sources */ = {isa = PBXBuildFile; fileRef = 71321DF8296368080083A328 /* BestWeatherUITests.swift */; };
		71321DFB296368080083A328 /* BestWeatherUITestsLaunchTests.swift in Sources */ = {isa = PBXBuildFile; fileRef = 71321DFA296368080083A328 /* BestWeatherUITestsLaunchTests.swift */; };
		71321E0A2964D7A70083A328 /* WeatherPageViewController.swift in Sources */ = {isa = PBXBuildFile; fileRef = 71321E092964D7A70083A328 /* WeatherPageViewController.swift */; };
		71321E0C2964D85B0083A328 /* DailyViewController.swift in Sources */ = {isa = PBXBuildFile; fileRef = 71321E0B2964D85B0083A328 /* DailyViewController.swift */; };
		71321E0E2964D8740083A328 /* WeeklyViewController.swift in Sources */ = {isa = PBXBuildFile; fileRef = 71321E0D2964D8740083A328 /* WeeklyViewController.swift */; };
/* End PBXBuildFile section */

/* Begin PBXContainerItemProxy section */
		71321DEB296368080083A328 /* PBXContainerItemProxy */ = {
			isa = PBXContainerItemProxy;
			containerPortal = 71321DC9296368070083A328 /* Project object */;
			proxyType = 1;
			remoteGlobalIDString = 71321DD0296368070083A328;
			remoteInfo = BestWeather;
		};
		71321DF5296368080083A328 /* PBXContainerItemProxy */ = {
			isa = PBXContainerItemProxy;
			containerPortal = 71321DC9296368070083A328 /* Project object */;
			proxyType = 1;
			remoteGlobalIDString = 71321DD0296368070083A328;
			remoteInfo = BestWeather;
		};
/* End PBXContainerItemProxy section */

/* Begin PBXFileReference section */
		71321DD1296368070083A328 /* BestWeather.app */ = {isa = PBXFileReference; explicitFileType = wrapper.application; includeInIndex = 0; path = BestWeather.app; sourceTree = BUILT_PRODUCTS_DIR; };
		71321DD4296368070083A328 /* AppDelegate.swift */ = {isa = PBXFileReference; lastKnownFileType = sourcecode.swift; path = AppDelegate.swift; sourceTree = "<group>"; };
		71321DD6296368070083A328 /* SceneDelegate.swift */ = {isa = PBXFileReference; lastKnownFileType = sourcecode.swift; path = SceneDelegate.swift; sourceTree = "<group>"; };
		71321DD8296368070083A328 /* ViewController.swift */ = {isa = PBXFileReference; lastKnownFileType = sourcecode.swift; path = ViewController.swift; sourceTree = "<group>"; };
		71321DDB296368070083A328 /* Base */ = {isa = PBXFileReference; lastKnownFileType = file.storyboard; name = Base; path = Base.lproj/Main.storyboard; sourceTree = "<group>"; };
		71321DDE296368070083A328 /* BestWeather.xcdatamodel */ = {isa = PBXFileReference; lastKnownFileType = wrapper.xcdatamodel; path = BestWeather.xcdatamodel; sourceTree = "<group>"; };
		71321DE0296368080083A328 /* Assets.xcassets */ = {isa = PBXFileReference; lastKnownFileType = folder.assetcatalog; path = Assets.xcassets; sourceTree = "<group>"; };
		71321DE3296368080083A328 /* Base */ = {isa = PBXFileReference; lastKnownFileType = file.storyboard; name = Base; path = Base.lproj/LaunchScreen.storyboard; sourceTree = "<group>"; };
		71321DE5296368080083A328 /* Info.plist */ = {isa = PBXFileReference; lastKnownFileType = text.plist.xml; path = Info.plist; sourceTree = "<group>"; };
		71321DEA296368080083A328 /* BestWeatherTests.xctest */ = {isa = PBXFileReference; explicitFileType = wrapper.cfbundle; includeInIndex = 0; path = BestWeatherTests.xctest; sourceTree = BUILT_PRODUCTS_DIR; };
		71321DEE296368080083A328 /* BestWeatherTests.swift */ = {isa = PBXFileReference; lastKnownFileType = sourcecode.swift; path = BestWeatherTests.swift; sourceTree = "<group>"; };
		71321DF4296368080083A328 /* BestWeatherUITests.xctest */ = {isa = PBXFileReference; explicitFileType = wrapper.cfbundle; includeInIndex = 0; path = BestWeatherUITests.xctest; sourceTree = BUILT_PRODUCTS_DIR; };
		71321DF8296368080083A328 /* BestWeatherUITests.swift */ = {isa = PBXFileReference; lastKnownFileType = sourcecode.swift; path = BestWeatherUITests.swift; sourceTree = "<group>"; };
		71321DFA296368080083A328 /* BestWeatherUITestsLaunchTests.swift */ = {isa = PBXFileReference; lastKnownFileType = sourcecode.swift; path = BestWeatherUITestsLaunchTests.swift; sourceTree = "<group>"; };
		71321E092964D7A70083A328 /* WeatherPageViewController.swift */ = {isa = PBXFileReference; lastKnownFileType = sourcecode.swift; path = WeatherPageViewController.swift; sourceTree = "<group>"; };
		71321E0B2964D85B0083A328 /* DailyViewController.swift */ = {isa = PBXFileReference; lastKnownFileType = sourcecode.swift; path = DailyViewController.swift; sourceTree = "<group>"; };
		71321E0D2964D8740083A328 /* WeeklyViewController.swift */ = {isa = PBXFileReference; lastKnownFileType = sourcecode.swift; path = WeeklyViewController.swift; sourceTree = "<group>"; };
/* End PBXFileReference section */

/* Begin PBXFrameworksBuildPhase section */
		71321DCE296368070083A328 /* Frameworks */ = {
			isa = PBXFrameworksBuildPhase;
			buildActionMask = 2147483647;
			files = (
			);
			runOnlyForDeploymentPostprocessing = 0;
		};
		71321DE7296368080083A328 /* Frameworks */ = {
			isa = PBXFrameworksBuildPhase;
			buildActionMask = 2147483647;
			files = (
			);
			runOnlyForDeploymentPostprocessing = 0;
		};
		71321DF1296368080083A328 /* Frameworks */ = {
			isa = PBXFrameworksBuildPhase;
			buildActionMask = 2147483647;
			files = (
			);
			runOnlyForDeploymentPostprocessing = 0;
		};
/* End PBXFrameworksBuildPhase section */

/* Begin PBXGroup section */
		71321DC8296368070083A328 = {
			isa = PBXGroup;
			children = (
				71321DD3296368070083A328 /* BestWeather */,
				71321DED296368080083A328 /* BestWeatherTests */,
				71321DF7296368080083A328 /* BestWeatherUITests */,
				71321DD2296368070083A328 /* Products */,
			);
			sourceTree = "<group>";
		};
		71321DD2296368070083A328 /* Products */ = {
			isa = PBXGroup;
			children = (
				71321DD1296368070083A328 /* BestWeather.app */,
				71321DEA296368080083A328 /* BestWeatherTests.xctest */,
				71321DF4296368080083A328 /* BestWeatherUITests.xctest */,
			);
			name = Products;
			sourceTree = "<group>";
		};
		71321DD3296368070083A328 /* BestWeather */ = {
			isa = PBXGroup;
			children = (
				71321E082964D7060083A328 /* Controllers */,
				71321DD4296368070083A328 /* AppDelegate.swift */,
				71321DD6296368070083A328 /* SceneDelegate.swift */,
				71321DD8296368070083A328 /* ViewController.swift */,
				71321DDA296368070083A328 /* Main.storyboard */,
				71321DE0296368080083A328 /* Assets.xcassets */,
				71321DE2296368080083A328 /* LaunchScreen.storyboard */,
				71321DE5296368080083A328 /* Info.plist */,
				71321DDD296368070083A328 /* BestWeather.xcdatamodeld */,
			);
			path = BestWeather;
			sourceTree = "<group>";
		};
		71321DED296368080083A328 /* BestWeatherTests */ = {
			isa = PBXGroup;
			children = (
				71321DEE296368080083A328 /* BestWeatherTests.swift */,
			);
			path = BestWeatherTests;
			sourceTree = "<group>";
		};
		71321DF7296368080083A328 /* BestWeatherUITests */ = {
			isa = PBXGroup;
			children = (
				71321DF8296368080083A328 /* BestWeatherUITests.swift */,
				71321DFA296368080083A328 /* BestWeatherUITestsLaunchTests.swift */,
			);
			path = BestWeatherUITests;
			sourceTree = "<group>";
		};
		71321E082964D7060083A328 /* Controllers */ = {
			isa = PBXGroup;
			children = (
				71321E092964D7A70083A328 /* WeatherPageViewController.swift */,
				71321E0B2964D85B0083A328 /* DailyViewController.swift */,
				71321E0D2964D8740083A328 /* WeeklyViewController.swift */,
			);
			path = Controllers;
			sourceTree = "<group>";
		};
/* End PBXGroup section */

/* Begin PBXNativeTarget section */
		71321DD0296368070083A328 /* BestWeather */ = {
			isa = PBXNativeTarget;
			buildConfigurationList = 71321DFE296368080083A328 /* Build configuration list for PBXNativeTarget "BestWeather" */;
			buildPhases = (
				71321DCD296368070083A328 /* Sources */,
				71321DCE296368070083A328 /* Frameworks */,
				71321DCF296368070083A328 /* Resources */,
			);
			buildRules = (
			);
			dependencies = (
			);
			name = BestWeather;
			productName = BestWeather;
			productReference = 71321DD1296368070083A328 /* BestWeather.app */;
			productType = "com.apple.product-type.application";
		};
		71321DE9296368080083A328 /* BestWeatherTests */ = {
			isa = PBXNativeTarget;
			buildConfigurationList = 71321E01296368080083A328 /* Build configuration list for PBXNativeTarget "BestWeatherTests" */;
			buildPhases = (
				71321DE6296368080083A328 /* Sources */,
				71321DE7296368080083A328 /* Frameworks */,
				71321DE8296368080083A328 /* Resources */,
			);
			buildRules = (
			);
			dependencies = (
				71321DEC296368080083A328 /* PBXTargetDependency */,
			);
			name = BestWeatherTests;
			productName = BestWeatherTests;
			productReference = 71321DEA296368080083A328 /* BestWeatherTests.xctest */;
			productType = "com.apple.product-type.bundle.unit-test";
		};
		71321DF3296368080083A328 /* BestWeatherUITests */ = {
			isa = PBXNativeTarget;
			buildConfigurationList = 71321E04296368080083A328 /* Build configuration list for PBXNativeTarget "BestWeatherUITests" */;
			buildPhases = (
				71321DF0296368080083A328 /* Sources */,
				71321DF1296368080083A328 /* Frameworks */,
				71321DF2296368080083A328 /* Resources */,
			);
			buildRules = (
			);
			dependencies = (
				71321DF6296368080083A328 /* PBXTargetDependency */,
			);
			name = BestWeatherUITests;
			productName = BestWeatherUITests;
			productReference = 71321DF4296368080083A328 /* BestWeatherUITests.xctest */;
			productType = "com.apple.product-type.bundle.ui-testing";
		};
/* End PBXNativeTarget section */

/* Begin PBXProject section */
		71321DC9296368070083A328 /* Project object */ = {
			isa = PBXProject;
			attributes = {
				BuildIndependentTargetsInParallel = 1;
				LastSwiftUpdateCheck = 1410;
				LastUpgradeCheck = 1410;
				TargetAttributes = {
					71321DD0296368070083A328 = {
						CreatedOnToolsVersion = 14.1;
					};
					71321DE9296368080083A328 = {
						CreatedOnToolsVersion = 14.1;
						TestTargetID = 71321DD0296368070083A328;
					};
					71321DF3296368080083A328 = {
						CreatedOnToolsVersion = 14.1;
						TestTargetID = 71321DD0296368070083A328;
					};
				};
			};
			buildConfigurationList = 71321DCC296368070083A328 /* Build configuration list for PBXProject "BestWeather" */;
			compatibilityVersion = "Xcode 14.0";
			developmentRegion = en;
			hasScannedForEncodings = 0;
			knownRegions = (
				en,
				Base,
			);
			mainGroup = 71321DC8296368070083A328;
			productRefGroup = 71321DD2296368070083A328 /* Products */;
			projectDirPath = "";
			projectRoot = "";
			targets = (
				71321DD0296368070083A328 /* BestWeather */,
				71321DE9296368080083A328 /* BestWeatherTests */,
				71321DF3296368080083A328 /* BestWeatherUITests */,
			);
		};
/* End PBXProject section */

/* Begin PBXResourcesBuildPhase section */
		71321DCF296368070083A328 /* Resources */ = {
			isa = PBXResourcesBuildPhase;
			buildActionMask = 2147483647;
			files = (
				71321DE4296368080083A328 /* LaunchScreen.storyboard in Resources */,
				71321DE1296368080083A328 /* Assets.xcassets in Resources */,
				71321DDC296368070083A328 /* Main.storyboard in Resources */,
			);
			runOnlyForDeploymentPostprocessing = 0;
		};
		71321DE8296368080083A328 /* Resources */ = {
			isa = PBXResourcesBuildPhase;
			buildActionMask = 2147483647;
			files = (
			);
			runOnlyForDeploymentPostprocessing = 0;
		};
		71321DF2296368080083A328 /* Resources */ = {
			isa = PBXResourcesBuildPhase;
			buildActionMask = 2147483647;
			files = (
			);
			runOnlyForDeploymentPostprocessing = 0;
		};
/* End PBXResourcesBuildPhase section */

/* Begin PBXSourcesBuildPhase section */
		71321DCD296368070083A328 /* Sources */ = {
			isa = PBXSourcesBuildPhase;
			buildActionMask = 2147483647;
			files = (
				71321E0E2964D8740083A328 /* WeeklyViewController.swift in Sources */,
				71321E0A2964D7A70083A328 /* WeatherPageViewController.swift in Sources */,
				71321DD9296368070083A328 /* ViewController.swift in Sources */,
				71321E0C2964D85B0083A328 /* DailyViewController.swift in Sources */,
				71321DD5296368070083A328 /* AppDelegate.swift in Sources */,
				71321DDF296368070083A328 /* BestWeather.xcdatamodeld in Sources */,
				71321DD7296368070083A328 /* SceneDelegate.swift in Sources */,
			);
			runOnlyForDeploymentPostprocessing = 0;
		};
		71321DE6296368080083A328 /* Sources */ = {
			isa = PBXSourcesBuildPhase;
			buildActionMask = 2147483647;
			files = (
				71321DEF296368080083A328 /* BestWeatherTests.swift in Sources */,
			);
			runOnlyForDeploymentPostprocessing = 0;
		};
		71321DF0296368080083A328 /* Sources */ = {
			isa = PBXSourcesBuildPhase;
			buildActionMask = 2147483647;
			files = (
				71321DF9296368080083A328 /* BestWeatherUITests.swift in Sources */,
				71321DFB296368080083A328 /* BestWeatherUITestsLaunchTests.swift in Sources */,
			);
			runOnlyForDeploymentPostprocessing = 0;
		};
/* End PBXSourcesBuildPhase section */

/* Begin PBXTargetDependency section */
		71321DEC296368080083A328 /* PBXTargetDependency */ = {
			isa = PBXTargetDependency;
			target = 71321DD0296368070083A328 /* BestWeather */;
			targetProxy = 71321DEB296368080083A328 /* PBXContainerItemProxy */;
		};
		71321DF6296368080083A328 /* PBXTargetDependency */ = {
			isa = PBXTargetDependency;
			target = 71321DD0296368070083A328 /* BestWeather */;
			targetProxy = 71321DF5296368080083A328 /* PBXContainerItemProxy */;
		};
/* End PBXTargetDependency section */

/* Begin PBXVariantGroup section */
		71321DDA296368070083A328 /* Main.storyboard */ = {
			isa = PBXVariantGroup;
			children = (
				71321DDB296368070083A328 /* Base */,
			);
			name = Main.storyboard;
			sourceTree = "<group>";
		};
		71321DE2296368080083A328 /* LaunchScreen.storyboard */ = {
			isa = PBXVariantGroup;
			children = (
				71321DE3296368080083A328 /* Base */,
			);
			name = LaunchScreen.storyboard;
			sourceTree = "<group>";
		};
/* End PBXVariantGroup section */

/* Begin XCBuildConfiguration section */
		71321DFC296368080083A328 /* Debug */ = {
			isa = XCBuildConfiguration;
			buildSettings = {
				ALWAYS_SEARCH_USER_PATHS = NO;
				CLANG_ANALYZER_NONNULL = YES;
				CLANG_ANALYZER_NUMBER_OBJECT_CONVERSION = YES_AGGRESSIVE;
				CLANG_CXX_LANGUAGE_STANDARD = "gnu++20";
				CLANG_ENABLE_MODULES = YES;
				CLANG_ENABLE_OBJC_ARC = YES;
				CLANG_ENABLE_OBJC_WEAK = YES;
				CLANG_WARN_BLOCK_CAPTURE_AUTORELEASING = YES;
				CLANG_WARN_BOOL_CONVERSION = YES;
				CLANG_WARN_COMMA = YES;
				CLANG_WARN_CONSTANT_CONVERSION = YES;
				CLANG_WARN_DEPRECATED_OBJC_IMPLEMENTATIONS = YES;
				CLANG_WARN_DIRECT_OBJC_ISA_USAGE = YES_ERROR;
				CLANG_WARN_DOCUMENTATION_COMMENTS = YES;
				CLANG_WARN_EMPTY_BODY = YES;
				CLANG_WARN_ENUM_CONVERSION = YES;
				CLANG_WARN_INFINITE_RECURSION = YES;
				CLANG_WARN_INT_CONVERSION = YES;
				CLANG_WARN_NON_LITERAL_NULL_CONVERSION = YES;
				CLANG_WARN_OBJC_IMPLICIT_RETAIN_SELF = YES;
				CLANG_WARN_OBJC_LITERAL_CONVERSION = YES;
				CLANG_WARN_OBJC_ROOT_CLASS = YES_ERROR;
				CLANG_WARN_QUOTED_INCLUDE_IN_FRAMEWORK_HEADER = YES;
				CLANG_WARN_RANGE_LOOP_ANALYSIS = YES;
				CLANG_WARN_STRICT_PROTOTYPES = YES;
				CLANG_WARN_SUSPICIOUS_MOVE = YES;
				CLANG_WARN_UNGUARDED_AVAILABILITY = YES_AGGRESSIVE;
				CLANG_WARN_UNREACHABLE_CODE = YES;
				CLANG_WARN__DUPLICATE_METHOD_MATCH = YES;
				COPY_PHASE_STRIP = NO;
				DEBUG_INFORMATION_FORMAT = dwarf;
				ENABLE_STRICT_OBJC_MSGSEND = YES;
				ENABLE_TESTABILITY = YES;
				GCC_C_LANGUAGE_STANDARD = gnu11;
				GCC_DYNAMIC_NO_PIC = NO;
				GCC_NO_COMMON_BLOCKS = YES;
				GCC_OPTIMIZATION_LEVEL = 0;
				GCC_PREPROCESSOR_DEFINITIONS = (
					"DEBUG=1",
					"$(inherited)",
				);
				GCC_WARN_64_TO_32_BIT_CONVERSION = YES;
				GCC_WARN_ABOUT_RETURN_TYPE = YES_ERROR;
				GCC_WARN_UNDECLARED_SELECTOR = YES;
				GCC_WARN_UNINITIALIZED_AUTOS = YES_AGGRESSIVE;
				GCC_WARN_UNUSED_FUNCTION = YES;
				GCC_WARN_UNUSED_VARIABLE = YES;
				IPHONEOS_DEPLOYMENT_TARGET = 16.1;
				MTL_ENABLE_DEBUG_INFO = INCLUDE_SOURCE;
				MTL_FAST_MATH = YES;
				ONLY_ACTIVE_ARCH = YES;
				SDKROOT = iphoneos;
				SWIFT_ACTIVE_COMPILATION_CONDITIONS = DEBUG;
				SWIFT_OPTIMIZATION_LEVEL = "-Onone";
			};
			name = Debug;
		};
		71321DFD296368080083A328 /* Release */ = {
			isa = XCBuildConfiguration;
			buildSettings = {
				ALWAYS_SEARCH_USER_PATHS = NO;
				CLANG_ANALYZER_NONNULL = YES;
				CLANG_ANALYZER_NUMBER_OBJECT_CONVERSION = YES_AGGRESSIVE;
				CLANG_CXX_LANGUAGE_STANDARD = "gnu++20";
				CLANG_ENABLE_MODULES = YES;
				CLANG_ENABLE_OBJC_ARC = YES;
				CLANG_ENABLE_OBJC_WEAK = YES;
				CLANG_WARN_BLOCK_CAPTURE_AUTORELEASING = YES;
				CLANG_WARN_BOOL_CONVERSION = YES;
				CLANG_WARN_COMMA = YES;
				CLANG_WARN_CONSTANT_CONVERSION = YES;
				CLANG_WARN_DEPRECATED_OBJC_IMPLEMENTATIONS = YES;
				CLANG_WARN_DIRECT_OBJC_ISA_USAGE = YES_ERROR;
				CLANG_WARN_DOCUMENTATION_COMMENTS = YES;
				CLANG_WARN_EMPTY_BODY = YES;
				CLANG_WARN_ENUM_CONVERSION = YES;
				CLANG_WARN_INFINITE_RECURSION = YES;
				CLANG_WARN_INT_CONVERSION = YES;
				CLANG_WARN_NON_LITERAL_NULL_CONVERSION = YES;
				CLANG_WARN_OBJC_IMPLICIT_RETAIN_SELF = YES;
				CLANG_WARN_OBJC_LITERAL_CONVERSION = YES;
				CLANG_WARN_OBJC_ROOT_CLASS = YES_ERROR;
				CLANG_WARN_QUOTED_INCLUDE_IN_FRAMEWORK_HEADER = YES;
				CLANG_WARN_RANGE_LOOP_ANALYSIS = YES;
				CLANG_WARN_STRICT_PROTOTYPES = YES;
				CLANG_WARN_SUSPICIOUS_MOVE = YES;
				CLANG_WARN_UNGUARDED_AVAILABILITY = YES_AGGRESSIVE;
				CLANG_WARN_UNREACHABLE_CODE = YES;
				CLANG_WARN__DUPLICATE_METHOD_MATCH = YES;
				COPY_PHASE_STRIP = NO;
				DEBUG_INFORMATION_FORMAT = "dwarf-with-dsym";
				ENABLE_NS_ASSERTIONS = NO;
				ENABLE_STRICT_OBJC_MSGSEND = YES;
				GCC_C_LANGUAGE_STANDARD = gnu11;
				GCC_NO_COMMON_BLOCKS = YES;
				GCC_WARN_64_TO_32_BIT_CONVERSION = YES;
				GCC_WARN_ABOUT_RETURN_TYPE = YES_ERROR;
				GCC_WARN_UNDECLARED_SELECTOR = YES;
				GCC_WARN_UNINITIALIZED_AUTOS = YES_AGGRESSIVE;
				GCC_WARN_UNUSED_FUNCTION = YES;
				GCC_WARN_UNUSED_VARIABLE = YES;
				IPHONEOS_DEPLOYMENT_TARGET = 16.1;
				MTL_ENABLE_DEBUG_INFO = NO;
				MTL_FAST_MATH = YES;
				SDKROOT = iphoneos;
				SWIFT_COMPILATION_MODE = wholemodule;
				SWIFT_OPTIMIZATION_LEVEL = "-O";
				VALIDATE_PRODUCT = YES;
			};
			name = Release;
		};
		71321DFF296368080083A328 /* Debug */ = {
			isa = XCBuildConfiguration;
			buildSettings = {
				ASSETCATALOG_COMPILER_APPICON_NAME = AppIcon;
				ASSETCATALOG_COMPILER_GLOBAL_ACCENT_COLOR_NAME = AccentColor;
				CODE_SIGN_STYLE = Automatic;
				CURRENT_PROJECT_VERSION = 1;
				GENERATE_INFOPLIST_FILE = YES;
				INFOPLIST_FILE = BestWeather/Info.plist;
				INFOPLIST_KEY_UIApplicationSupportsIndirectInputEvents = YES;
				INFOPLIST_KEY_UILaunchStoryboardName = LaunchScreen;
				INFOPLIST_KEY_UIMainStoryboardFile = Main;
				INFOPLIST_KEY_UISupportedInterfaceOrientations_iPad = "UIInterfaceOrientationPortrait UIInterfaceOrientationPortraitUpsideDown UIInterfaceOrientationLandscapeLeft UIInterfaceOrientationLandscapeRight";
				INFOPLIST_KEY_UISupportedInterfaceOrientations_iPhone = "UIInterfaceOrientationPortrait UIInterfaceOrientationLandscapeLeft UIInterfaceOrientationLandscapeRight";
				LD_RUNPATH_SEARCH_PATHS = (
					"$(inherited)",
					"@executable_path/Frameworks",
				);
				MARKETING_VERSION = 1.0;
				PRODUCT_BUNDLE_IDENTIFIER = com.mycompany.BestWeather;
				PRODUCT_NAME = "$(TARGET_NAME)";
				SWIFT_EMIT_LOC_STRINGS = YES;
				SWIFT_VERSION = 5.0;
				TARGETED_DEVICE_FAMILY = "1,2";
			};
			name = Debug;
		};
		71321E00296368080083A328 /* Release */ = {
			isa = XCBuildConfiguration;
			buildSettings = {
				ASSETCATALOG_COMPILER_APPICON_NAME = AppIcon;
				ASSETCATALOG_COMPILER_GLOBAL_ACCENT_COLOR_NAME = AccentColor;
				CODE_SIGN_STYLE = Automatic;
				CURRENT_PROJECT_VERSION = 1;
				GENERATE_INFOPLIST_FILE = YES;
				INFOPLIST_FILE = BestWeather/Info.plist;
				INFOPLIST_KEY_UIApplicationSupportsIndirectInputEvents = YES;
				INFOPLIST_KEY_UILaunchStoryboardName = LaunchScreen;
				INFOPLIST_KEY_UIMainStoryboardFile = Main;
				INFOPLIST_KEY_UISupportedInterfaceOrientations_iPad = "UIInterfaceOrientationPortrait UIInterfaceOrientationPortraitUpsideDown UIInterfaceOrientationLandscapeLeft UIInterfaceOrientationLandscapeRight";
				INFOPLIST_KEY_UISupportedInterfaceOrientations_iPhone = "UIInterfaceOrientationPortrait UIInterfaceOrientationLandscapeLeft UIInterfaceOrientationLandscapeRight";
				LD_RUNPATH_SEARCH_PATHS = (
					"$(inherited)",
					"@executable_path/Frameworks",
				);
				MARKETING_VERSION = 1.0;
				PRODUCT_BUNDLE_IDENTIFIER = com.mycompany.BestWeather;
				PRODUCT_NAME = "$(TARGET_NAME)";
				SWIFT_EMIT_LOC_STRINGS = YES;
				SWIFT_VERSION = 5.0;
				TARGETED_DEVICE_FAMILY = "1,2";
			};
			name = Release;
		};
		71321E02296368080083A328 /* Debug */ = {
			isa = XCBuildConfiguration;
			buildSettings = {
				ALWAYS_EMBED_SWIFT_STANDARD_LIBRARIES = YES;
				BUNDLE_LOADER = "$(TEST_HOST)";
				CODE_SIGN_STYLE = Automatic;
				CURRENT_PROJECT_VERSION = 1;
				GENERATE_INFOPLIST_FILE = YES;
				IPHONEOS_DEPLOYMENT_TARGET = 16.1;
				MARKETING_VERSION = 1.0;
				PRODUCT_BUNDLE_IDENTIFIER = com.mycompany.BestWeatherTests;
				PRODUCT_NAME = "$(TARGET_NAME)";
				SWIFT_EMIT_LOC_STRINGS = NO;
				SWIFT_VERSION = 5.0;
				TARGETED_DEVICE_FAMILY = "1,2";
				TEST_HOST = "$(BUILT_PRODUCTS_DIR)/BestWeather.app/$(BUNDLE_EXECUTABLE_FOLDER_PATH)/BestWeather";
			};
			name = Debug;
		};
		71321E03296368080083A328 /* Release */ = {
			isa = XCBuildConfiguration;
			buildSettings = {
				ALWAYS_EMBED_SWIFT_STANDARD_LIBRARIES = YES;
				BUNDLE_LOADER = "$(TEST_HOST)";
				CODE_SIGN_STYLE = Automatic;
				CURRENT_PROJECT_VERSION = 1;
				GENERATE_INFOPLIST_FILE = YES;
				IPHONEOS_DEPLOYMENT_TARGET = 16.1;
				MARKETING_VERSION = 1.0;
				PRODUCT_BUNDLE_IDENTIFIER = com.mycompany.BestWeatherTests;
				PRODUCT_NAME = "$(TARGET_NAME)";
				SWIFT_EMIT_LOC_STRINGS = NO;
				SWIFT_VERSION = 5.0;
				TARGETED_DEVICE_FAMILY = "1,2";
				TEST_HOST = "$(BUILT_PRODUCTS_DIR)/BestWeather.app/$(BUNDLE_EXECUTABLE_FOLDER_PATH)/BestWeather";
			};
			name = Release;
		};
		71321E05296368080083A328 /* Debug */ = {
			isa = XCBuildConfiguration;
			buildSettings = {
				ALWAYS_EMBED_SWIFT_STANDARD_LIBRARIES = YES;
				CODE_SIGN_STYLE = Automatic;
				CURRENT_PROJECT_VERSION = 1;
				GENERATE_INFOPLIST_FILE = YES;
				MARKETING_VERSION = 1.0;
				PRODUCT_BUNDLE_IDENTIFIER = com.mycompany.BestWeatherUITests;
				PRODUCT_NAME = "$(TARGET_NAME)";
				SWIFT_EMIT_LOC_STRINGS = NO;
				SWIFT_VERSION = 5.0;
				TARGETED_DEVICE_FAMILY = "1,2";
				TEST_TARGET_NAME = BestWeather;
			};
			name = Debug;
		};
		71321E06296368080083A328 /* Release */ = {
			isa = XCBuildConfiguration;
			buildSettings = {
				ALWAYS_EMBED_SWIFT_STANDARD_LIBRARIES = YES;
				CODE_SIGN_STYLE = Automatic;
				CURRENT_PROJECT_VERSION = 1;
				GENERATE_INFOPLIST_FILE = YES;
				MARKETING_VERSION = 1.0;
				PRODUCT_BUNDLE_IDENTIFIER = com.mycompany.BestWeatherUITests;
				PRODUCT_NAME = "$(TARGET_NAME)";
				SWIFT_EMIT_LOC_STRINGS = NO;
				SWIFT_VERSION = 5.0;
				TARGETED_DEVICE_FAMILY = "1,2";
				TEST_TARGET_NAME = BestWeather;
			};
			name = Release;
		};
/* End XCBuildConfiguration section */

/* Begin XCConfigurationList section */
		71321DCC296368070083A328 /* Build configuration list for PBXProject "BestWeather" */ = {
			isa = XCConfigurationList;
			buildConfigurations = (
				71321DFC296368080083A328 /* Debug */,
				71321DFD296368080083A328 /* Release */,
			);
			defaultConfigurationIsVisible = 0;
			defaultConfigurationName = Release;
		};
		71321DFE296368080083A328 /* Build configuration list for PBXNativeTarget "BestWeather" */ = {
			isa = XCConfigurationList;
			buildConfigurations = (
				71321DFF296368080083A328 /* Debug */,
				71321E00296368080083A328 /* Release */,
			);
			defaultConfigurationIsVisible = 0;
			defaultConfigurationName = Release;
		};
		71321E01296368080083A328 /* Build configuration list for PBXNativeTarget "BestWeatherTests" */ = {
			isa = XCConfigurationList;
			buildConfigurations = (
				71321E02296368080083A328 /* Debug */,
				71321E03296368080083A328 /* Release */,
			);
			defaultConfigurationIsVisible = 0;
			defaultConfigurationName = Release;
		};
		71321E04296368080083A328 /* Build configuration list for PBXNativeTarget "BestWeatherUITests" */ = {
			isa = XCConfigurationList;
			buildConfigurations = (
				71321E05296368080083A328 /* Debug */,
				71321E06296368080083A328 /* Release */,
			);
			defaultConfigurationIsVisible = 0;
			defaultConfigurationName = Release;
		};
/* End XCConfigurationList section */

/* Begin XCVersionGroup section */
		71321DDD296368070083A328 /* BestWeather.xcdatamodeld */ = {
			isa = XCVersionGroup;
			children = (
				71321DDE296368070083A328 /* BestWeather.xcdatamodel */,
			);
			currentVersion = 71321DDE296368070083A328 /* BestWeather.xcdatamodel */;
			path = BestWeather.xcdatamodeld;
			sourceTree = "<group>";
			versionGroupType = wrapper.xcdatamodel;
		};
/* End XCVersionGroup section */
	};
	rootObject = 71321DC9296368070083A328 /* Project object */;
}
